
Microsoft Visual Studio Solution File, Format Version 12.00
# Visual Studio Version 17
VisualStudioVersion = 17.8.34302.71
MinimumVisualStudioVersion = 10.0.40219.1
Project("{2150E333-8FDC-42A3-9474-1A3956D46DE8}") = "Serivces", "Serivces", "{9663051E-DED3-4582-83BC-684945AFD909}"
EndProject
Project("{2150E333-8FDC-42A3-9474-1A3956D46DE8}") = "WebUI", "WebUI", "{CE03B8EB-3E44-4862-9378-24C53158D22D}"
EndProject
Project("{9A19103F-16F7-4668-BE54-9A1E7A4F7556}") = "StoreSample.UI", "WebUI\StoreSample.UI\StoreSample.UI.csproj", "{532829B4-18C3-420C-A677-B6CCCAB91DFB}"
EndProject
Project("{2150E333-8FDC-42A3-9474-1A3956D46DE8}") = "Dispatch", "Dispatch", "{DF715F54-D0CE-4968-9B8C-8AB4CBF8734B}"
EndProject
Project("{2150E333-8FDC-42A3-9474-1A3956D46DE8}") = "Discount", "Discount", "{0128BFAC-8669-41B4-8193-73574546C0AF}"
EndProject
Project("{2150E333-8FDC-42A3-9474-1A3956D46DE8}") = "Ordering", "Ordering", "{57D21A0C-DD6C-4474-B34F-CAD7B2B82EFF}"
EndProject
Project("{9A19103F-16F7-4668-BE54-9A1E7A4F7556}") = "Dispatch.Application", "Dispatch\Dispatch.Application\Dispatch.Application.csproj", "{31B14EE3-F040-43E1-88B6-11AAA3AD7B97}"
EndProject
Project("{9A19103F-16F7-4668-BE54-9A1E7A4F7556}") = "Dispatch.Infra", "Dispatch\Dispatch.Infra\Dispatch.Infra.csproj", "{754E32A2-C5A4-4736-822D-995A98744793}"
EndProject
Project("{2150E333-8FDC-42A3-9474-1A3956D46DE8}") = "Product", "Product", "{63525F84-E613-46A7-8048-F05F1CB7133D}"
EndProject
Project("{9A19103F-16F7-4668-BE54-9A1E7A4F7556}") = "Product.Domain", "Product\Product.Domain\Product.Domain.csproj", "{3E5B5105-7A93-458F-8119-D1D3891816BF}"
EndProject
Project("{9A19103F-16F7-4668-BE54-9A1E7A4F7556}") = "Product.Application", "Product\Product.Application\Product.Application.csproj", "{FDE9C4F8-FC1C-4F47-A1DF-F1B9FF3C535E}"
EndProject
Project("{9A19103F-16F7-4668-BE54-9A1E7A4F7556}") = "Product.Infra", "Product\Product.Infra\Product.Infra.csproj", "{805D1A0F-111B-4AE8-B5DD-BF37A841B165}"
EndProject
Project("{9A19103F-16F7-4668-BE54-9A1E7A4F7556}") = "Product.API", "Product\Product.API\Product.API.csproj", "{F1C15A90-9A42-4DAA-9665-AB623651A4F6}"
EndProject
Project("{9A19103F-16F7-4668-BE54-9A1E7A4F7556}") = "Ordering.API", "Ordering\Ordering.API\Ordering.API.csproj", "{70BAA434-8F24-4C96-9DFF-73EDD0A89838}"
EndProject
Project("{9A19103F-16F7-4668-BE54-9A1E7A4F7556}") = "Ordering.Application", "Ordering\Ordering.Application\Ordering.Application.csproj", "{0066186D-5011-4C26-84C7-E2267E42B148}"
EndProject
Project("{9A19103F-16F7-4668-BE54-9A1E7A4F7556}") = "Ordering.Domain", "Ordering\Ordering.Domain\Ordering.Domain.csproj", "{113EDA2F-6644-487F-8D00-87065C1D653E}"
EndProject
Project("{9A19103F-16F7-4668-BE54-9A1E7A4F7556}") = "Ordering.Infrastructure", "Ordering\Ordering.Infrastructure\Ordering.Infrastructure.csproj", "{49FEF460-C357-4DF4-BFCE-530D4CA61E0C}"
EndProject
Project("{9A19103F-16F7-4668-BE54-9A1E7A4F7556}") = "Discount.App", "Discount\Discount\Discount.App.csproj", "{B28B17D1-F66A-46EE-9D5A-B0E1EA7907D3}"
EndProject
Project("{FAE04EC0-301F-11D3-BF4B-00C04F79EFBC}") = "Dispatch.API", "Dispatch\Dispatch.API\Dispatch.API.csproj", "{3E2B6211-93D3-41D3-A367-0FE4B47E185F}"
EndProject
Project("{2150E333-8FDC-42A3-9474-1A3956D46DE8}") = "BusInfra", "BusInfra", "{49D29BED-1F3F-4B8B-A8F0-5439D08168E6}"
EndProject
Project("{FAE04EC0-301F-11D3-BF4B-00C04F79EFBC}") = "MessageBus", "MessageBus\MessageBus.csproj", "{DA0F8B50-CC70-48D5-86BB-D735084F0202}"
EndProject
Project("{FAE04EC0-301F-11D3-BF4B-00C04F79EFBC}") = "Discount.Test", "Discount\Discount.Test\Discount.Test.csproj", "{137C78B4-88C2-4502-8751-5AF2DCD80CC3}"
EndProject
Project("{FAE04EC0-301F-11D3-BF4B-00C04F79EFBC}") = "Dispatch.Test", "Dispatch\Dispatch.Test\Dispatch.Test.csproj", "{FE3CE100-656E-4B7D-8BE2-32DD9D45F30C}"
EndProject
Project("{FAE04EC0-301F-11D3-BF4B-00C04F79EFBC}") = "Ordering.Test", "Ordering\Ordering.Test\Ordering.Test.csproj", "{B6B510A8-C6CD-47C4-A7DB-2634FEF8A0CF}"
EndProject
Project("{FAE04EC0-301F-11D3-BF4B-00C04F79EFBC}") = "Product.Test", "Product\Product.Test\Product.Test.csproj", "{67CF0163-0529-4716-9CF6-AB7FA3262958}"
EndProject
Project("{9A19103F-16F7-4668-BE54-9A1E7A4F7556}") = "Dispatch.Domain", "Dispatch\Dispatch.Domain\Dispatch.Domain.csproj", "{E9960CBF-5E5A-4A0B-BB01-024F93CD0ACB}"
EndProject
Global
	GlobalSection(SolutionConfigurationPlatforms) = preSolution
		Debug|Any CPU = Debug|Any CPU
		Release|Any CPU = Release|Any CPU
	EndGlobalSection
	GlobalSection(ProjectConfigurationPlatforms) = postSolution
		{532829B4-18C3-420C-A677-B6CCCAB91DFB}.Debug|Any CPU.ActiveCfg = Debug|Any CPU
		{532829B4-18C3-420C-A677-B6CCCAB91DFB}.Debug|Any CPU.Build.0 = Debug|Any CPU
		{532829B4-18C3-420C-A677-B6CCCAB91DFB}.Release|Any CPU.ActiveCfg = Release|Any CPU
		{532829B4-18C3-420C-A677-B6CCCAB91DFB}.Release|Any CPU.Build.0 = Release|Any CPU
		{31B14EE3-F040-43E1-88B6-11AAA3AD7B97}.Debug|Any CPU.ActiveCfg = Debug|Any CPU
		{31B14EE3-F040-43E1-88B6-11AAA3AD7B97}.Debug|Any CPU.Build.0 = Debug|Any CPU
		{31B14EE3-F040-43E1-88B6-11AAA3AD7B97}.Release|Any CPU.ActiveCfg = Release|Any CPU
		{31B14EE3-F040-43E1-88B6-11AAA3AD7B97}.Release|Any CPU.Build.0 = Release|Any CPU
		{754E32A2-C5A4-4736-822D-995A98744793}.Debug|Any CPU.ActiveCfg = Debug|Any CPU
		{754E32A2-C5A4-4736-822D-995A98744793}.Debug|Any CPU.Build.0 = Debug|Any CPU
		{754E32A2-C5A4-4736-822D-995A98744793}.Release|Any CPU.ActiveCfg = Release|Any CPU
		{754E32A2-C5A4-4736-822D-995A98744793}.Release|Any CPU.Build.0 = Release|Any CPU
		{3E5B5105-7A93-458F-8119-D1D3891816BF}.Debug|Any CPU.ActiveCfg = Debug|Any CPU
		{3E5B5105-7A93-458F-8119-D1D3891816BF}.Debug|Any CPU.Build.0 = Debug|Any CPU
		{3E5B5105-7A93-458F-8119-D1D3891816BF}.Release|Any CPU.ActiveCfg = Release|Any CPU
		{3E5B5105-7A93-458F-8119-D1D3891816BF}.Release|Any CPU.Build.0 = Release|Any CPU
		{FDE9C4F8-FC1C-4F47-A1DF-F1B9FF3C535E}.Debug|Any CPU.ActiveCfg = Debug|Any CPU
		{FDE9C4F8-FC1C-4F47-A1DF-F1B9FF3C535E}.Debug|Any CPU.Build.0 = Debug|Any CPU
		{FDE9C4F8-FC1C-4F47-A1DF-F1B9FF3C535E}.Release|Any CPU.ActiveCfg = Release|Any CPU
		{FDE9C4F8-FC1C-4F47-A1DF-F1B9FF3C535E}.Release|Any CPU.Build.0 = Release|Any CPU
		{805D1A0F-111B-4AE8-B5DD-BF37A841B165}.Debug|Any CPU.ActiveCfg = Debug|Any CPU
		{805D1A0F-111B-4AE8-B5DD-BF37A841B165}.Debug|Any CPU.Build.0 = Debug|Any CPU
		{805D1A0F-111B-4AE8-B5DD-BF37A841B165}.Release|Any CPU.ActiveCfg = Release|Any CPU
		{805D1A0F-111B-4AE8-B5DD-BF37A841B165}.Release|Any CPU.Build.0 = Release|Any CPU
		{F1C15A90-9A42-4DAA-9665-AB623651A4F6}.Debug|Any CPU.ActiveCfg = Debug|Any CPU
		{F1C15A90-9A42-4DAA-9665-AB623651A4F6}.Debug|Any CPU.Build.0 = Debug|Any CPU
		{F1C15A90-9A42-4DAA-9665-AB623651A4F6}.Release|Any CPU.ActiveCfg = Release|Any CPU
		{F1C15A90-9A42-4DAA-9665-AB623651A4F6}.Release|Any CPU.Build.0 = Release|Any CPU
		{70BAA434-8F24-4C96-9DFF-73EDD0A89838}.Debug|Any CPU.ActiveCfg = Debug|Any CPU
		{70BAA434-8F24-4C96-9DFF-73EDD0A89838}.Debug|Any CPU.Build.0 = Debug|Any CPU
		{70BAA434-8F24-4C96-9DFF-73EDD0A89838}.Release|Any CPU.ActiveCfg = Release|Any CPU
		{70BAA434-8F24-4C96-9DFF-73EDD0A89838}.Release|Any CPU.Build.0 = Release|Any CPU
		{0066186D-5011-4C26-84C7-E2267E42B148}.Debug|Any CPU.ActiveCfg = Debug|Any CPU
		{0066186D-5011-4C26-84C7-E2267E42B148}.Debug|Any CPU.Build.0 = Debug|Any CPU
		{0066186D-5011-4C26-84C7-E2267E42B148}.Release|Any CPU.ActiveCfg = Release|Any CPU
		{0066186D-5011-4C26-84C7-E2267E42B148}.Release|Any CPU.Build.0 = Release|Any CPU
		{113EDA2F-6644-487F-8D00-87065C1D653E}.Debug|Any CPU.ActiveCfg = Debug|Any CPU
		{113EDA2F-6644-487F-8D00-87065C1D653E}.Debug|Any CPU.Build.0 = Debug|Any CPU
		{113EDA2F-6644-487F-8D00-87065C1D653E}.Release|Any CPU.ActiveCfg = Release|Any CPU
		{113EDA2F-6644-487F-8D00-87065C1D653E}.Release|Any CPU.Build.0 = Release|Any CPU
		{49FEF460-C357-4DF4-BFCE-530D4CA61E0C}.Debug|Any CPU.ActiveCfg = Debug|Any CPU
		{49FEF460-C357-4DF4-BFCE-530D4CA61E0C}.Debug|Any CPU.Build.0 = Debug|Any CPU
		{49FEF460-C357-4DF4-BFCE-530D4CA61E0C}.Release|Any CPU.ActiveCfg = Release|Any CPU
		{49FEF460-C357-4DF4-BFCE-530D4CA61E0C}.Release|Any CPU.Build.0 = Release|Any CPU
		{B28B17D1-F66A-46EE-9D5A-B0E1EA7907D3}.Debug|Any CPU.ActiveCfg = Debug|Any CPU
		{B28B17D1-F66A-46EE-9D5A-B0E1EA7907D3}.Debug|Any CPU.Build.0 = Debug|Any CPU
		{B28B17D1-F66A-46EE-9D5A-B0E1EA7907D3}.Release|Any CPU.ActiveCfg = Release|Any CPU
		{B28B17D1-F66A-46EE-9D5A-B0E1EA7907D3}.Release|Any CPU.Build.0 = Release|Any CPU
		{3E2B6211-93D3-41D3-A367-0FE4B47E185F}.Debug|Any CPU.ActiveCfg = Debug|Any CPU
		{3E2B6211-93D3-41D3-A367-0FE4B47E185F}.Debug|Any CPU.Build.0 = Debug|Any CPU
		{3E2B6211-93D3-41D3-A367-0FE4B47E185F}.Release|Any CPU.ActiveCfg = Release|Any CPU
		{3E2B6211-93D3-41D3-A367-0FE4B47E185F}.Release|Any CPU.Build.0 = Release|Any CPU
		{DA0F8B50-CC70-48D5-86BB-D735084F0202}.Debug|Any CPU.ActiveCfg = Debug|Any CPU
		{DA0F8B50-CC70-48D5-86BB-D735084F0202}.Debug|Any CPU.Build.0 = Debug|Any CPU
		{DA0F8B50-CC70-48D5-86BB-D735084F0202}.Release|Any CPU.ActiveCfg = Release|Any CPU
		{DA0F8B50-CC70-48D5-86BB-D735084F0202}.Release|Any CPU.Build.0 = Release|Any CPU
		{137C78B4-88C2-4502-8751-5AF2DCD80CC3}.Debug|Any CPU.ActiveCfg = Debug|Any CPU
		{137C78B4-88C2-4502-8751-5AF2DCD80CC3}.Debug|Any CPU.Build.0 = Debug|Any CPU
		{137C78B4-88C2-4502-8751-5AF2DCD80CC3}.Release|Any CPU.ActiveCfg = Release|Any CPU
		{137C78B4-88C2-4502-8751-5AF2DCD80CC3}.Release|Any CPU.Build.0 = Release|Any CPU
		{FE3CE100-656E-4B7D-8BE2-32DD9D45F30C}.Debug|Any CPU.ActiveCfg = Debug|Any CPU
		{FE3CE100-656E-4B7D-8BE2-32DD9D45F30C}.Debug|Any CPU.Build.0 = Debug|Any CPU
		{FE3CE100-656E-4B7D-8BE2-32DD9D45F30C}.Release|Any CPU.ActiveCfg = Release|Any CPU
		{FE3CE100-656E-4B7D-8BE2-32DD9D45F30C}.Release|Any CPU.Build.0 = Release|Any CPU
		{B6B510A8-C6CD-47C4-A7DB-2634FEF8A0CF}.Debug|Any CPU.ActiveCfg = Debug|Any CPU
		{B6B510A8-C6CD-47C4-A7DB-2634FEF8A0CF}.Debug|Any CPU.Build.0 = Debug|Any CPU
		{B6B510A8-C6CD-47C4-A7DB-2634FEF8A0CF}.Release|Any CPU.ActiveCfg = Release|Any CPU
		{B6B510A8-C6CD-47C4-A7DB-2634FEF8A0CF}.Release|Any CPU.Build.0 = Release|Any CPU
		{67CF0163-0529-4716-9CF6-AB7FA3262958}.Debug|Any CPU.ActiveCfg = Debug|Any CPU
		{67CF0163-0529-4716-9CF6-AB7FA3262958}.Debug|Any CPU.Build.0 = Debug|Any CPU
		{67CF0163-0529-4716-9CF6-AB7FA3262958}.Release|Any CPU.ActiveCfg = Release|Any CPU
		{67CF0163-0529-4716-9CF6-AB7FA3262958}.Release|Any CPU.Build.0 = Release|Any CPU
		{E9960CBF-5E5A-4A0B-BB01-024F93CD0ACB}.Debug|Any CPU.ActiveCfg = Debug|Any CPU
		{E9960CBF-5E5A-4A0B-BB01-024F93CD0ACB}.Debug|Any CPU.Build.0 = Debug|Any CPU
		{E9960CBF-5E5A-4A0B-BB01-024F93CD0ACB}.Release|Any CPU.ActiveCfg = Release|Any CPU
		{E9960CBF-5E5A-4A0B-BB01-024F93CD0ACB}.Release|Any CPU.Build.0 = Release|Any CPU
	EndGlobalSection
	GlobalSection(SolutionProperties) = preSolution
		HideSolutionNode = FALSE
	EndGlobalSection
	GlobalSection(NestedProjects) = preSolution
		{532829B4-18C3-420C-A677-B6CCCAB91DFB} = {CE03B8EB-3E44-4862-9378-24C53158D22D}
		{DF715F54-D0CE-4968-9B8C-8AB4CBF8734B} = {9663051E-DED3-4582-83BC-684945AFD909}
		{0128BFAC-8669-41B4-8193-73574546C0AF} = {9663051E-DED3-4582-83BC-684945AFD909}
		{57D21A0C-DD6C-4474-B34F-CAD7B2B82EFF} = {9663051E-DED3-4582-83BC-684945AFD909}
		{31B14EE3-F040-43E1-88B6-11AAA3AD7B97} = {DF715F54-D0CE-4968-9B8C-8AB4CBF8734B}
		{754E32A2-C5A4-4736-822D-995A98744793} = {DF715F54-D0CE-4968-9B8C-8AB4CBF8734B}
		{63525F84-E613-46A7-8048-F05F1CB7133D} = {9663051E-DED3-4582-83BC-684945AFD909}
		{3E5B5105-7A93-458F-8119-D1D3891816BF} = {63525F84-E613-46A7-8048-F05F1CB7133D}
		{FDE9C4F8-FC1C-4F47-A1DF-F1B9FF3C535E} = {63525F84-E613-46A7-8048-F05F1CB7133D}
		{805D1A0F-111B-4AE8-B5DD-BF37A841B165} = {63525F84-E613-46A7-8048-F05F1CB7133D}
		{F1C15A90-9A42-4DAA-9665-AB623651A4F6} = {63525F84-E613-46A7-8048-F05F1CB7133D}
		{70BAA434-8F24-4C96-9DFF-73EDD0A89838} = {57D21A0C-DD6C-4474-B34F-CAD7B2B82EFF}
		{0066186D-5011-4C26-84C7-E2267E42B148} = {57D21A0C-DD6C-4474-B34F-CAD7B2B82EFF}
		{113EDA2F-6644-487F-8D00-87065C1D653E} = {57D21A0C-DD6C-4474-B34F-CAD7B2B82EFF}
		{49FEF460-C357-4DF4-BFCE-530D4CA61E0C} = {57D21A0C-DD6C-4474-B34F-CAD7B2B82EFF}
		{B28B17D1-F66A-46EE-9D5A-B0E1EA7907D3} = {0128BFAC-8669-41B4-8193-73574546C0AF}
		{3E2B6211-93D3-41D3-A367-0FE4B47E185F} = {DF715F54-D0CE-4968-9B8C-8AB4CBF8734B}
		{DA0F8B50-CC70-48D5-86BB-D735084F0202} = {49D29BED-1F3F-4B8B-A8F0-5439D08168E6}
		{137C78B4-88C2-4502-8751-5AF2DCD80CC3} = {0128BFAC-8669-41B4-8193-73574546C0AF}
		{FE3CE100-656E-4B7D-8BE2-32DD9D45F30C} = {DF715F54-D0CE-4968-9B8C-8AB4CBF8734B}
		{B6B510A8-C6CD-47C4-A7DB-2634FEF8A0CF} = {57D21A0C-DD6C-4474-B34F-CAD7B2B82EFF}
		{67CF0163-0529-4716-9CF6-AB7FA3262958} = {63525F84-E613-46A7-8048-F05F1CB7133D}
		{E9960CBF-5E5A-4A0B-BB01-024F93CD0ACB} = {DF715F54-D0CE-4968-9B8C-8AB4CBF8734B}
	EndGlobalSection
	GlobalSection(ExtensibilityGlobals) = postSolution
		SolutionGuid = {4314D170-07A7-4757-993F-16F31F3A206A}
	EndGlobalSection
EndGlobal
